
Microsoft Visual Studio Solution File, Format Version 12.00
# Visual Studio Version 17
VisualStudioVersion = 17.6.33829.357
MinimumVisualStudioVersion = 10.0.40219.1
Project("{FAE04EC0-301F-11D3-BF4B-00C04F79EFBC}") = "Chatting_Client", "Chatting_Client\Chatting_Client.csproj", "{D8AB53E6-BD13-4E6C-9C4C-D1D19F315C8E}"
EndProject
Global
	GlobalSection(SolutionConfigurationPlatforms) = preSolution
		Debug|Any CPU = Debug|Any CPU
		Release|Any CPU = Release|Any CPU
	EndGlobalSection
	GlobalSection(ProjectConfigurationPlatforms) = postSolution
		{D8AB53E6-BD13-4E6C-9C4C-D1D19F315C8E}.Debug|Any CPU.ActiveCfg = Debug|Any CPU
		{D8AB53E6-BD13-4E6C-9C4C-D1D19F315C8E}.Debug|Any CPU.Build.0 = Debug|Any CPU
		{D8AB53E6-BD13-4E6C-9C4C-D1D19F315C8E}.Release|Any CPU.ActiveCfg = Release|Any CPU
		{D8AB53E6-BD13-4E6C-9C4C-D1D19F315C8E}.Release|Any CPU.Build.0 = Release|Any CPU
	EndGlobalSection
	GlobalSection(SolutionProperties) = preSolution
		HideSolutionNode = FALSE
	EndGlobalSection
	GlobalSection(ExtensibilityGlobals) = postSolution
		SolutionGuid = {DA0A90EE-A20A-4763-A1C7-14D0AE8623A8}
	EndGlobalSection
EndGlobal
